// !$*UTF8*$!
{
	archiveVersion = 1;
	classes = {
	};
	objectVersion = 46;
	objects = {

/* Begin PBXBuildFile section */
		160DAFAE1DA39FD100EC8770 /* Matrix.swift in Sources */ = {isa = PBXBuildFile; fileRef = 160DAFAD1DA39FD100EC8770 /* Matrix.swift */; };
		162414B01D2CC3B900141C64 /* Dispatch.swift in Sources */ = {isa = PBXBuildFile; fileRef = 162414AF1D2CC3B900141C64 /* Dispatch.swift */; };
		162414D31D2F6CC800141C64 /* OptionalType.swift in Sources */ = {isa = PBXBuildFile; fileRef = 162414D21D2F6CC700141C64 /* OptionalType.swift */; };
		162414D51D2F6D5600141C64 /* Sequence.swift in Sources */ = {isa = PBXBuildFile; fileRef = 162414D41D2F6D5600141C64 /* Sequence.swift */; };
		16470A601DC362CB00EF0E77 /* CGFloat.swift in Sources */ = {isa = PBXBuildFile; fileRef = 16470A5F1DC362CB00EF0E77 /* CGFloat.swift */; };
		1655CD4D1DB0BB4E00C7203D /* TranslatableView.swift in Sources */ = {isa = PBXBuildFile; fileRef = 1655CD4C1DB0BB4E00C7203D /* TranslatableView.swift */; };
		1655CD4F1DB0BC2300C7203D /* ScalableView.swift in Sources */ = {isa = PBXBuildFile; fileRef = 1655CD4E1DB0BC2300C7203D /* ScalableView.swift */; };
		1656B41B1DAE451900EBC1AE /* UIViewController.swift in Sources */ = {isa = PBXBuildFile; fileRef = 1656B41A1DAE451900EBC1AE /* UIViewController.swift */; };
		166205861D6EB5D100438DAE /* Weekday.swift in Sources */ = {isa = PBXBuildFile; fileRef = 166205851D6EB5D100438DAE /* Weekday.swift */; };
		166882611DC350F100C67F0C /* CGImage.swift in Sources */ = {isa = PBXBuildFile; fileRef = 166882601DC350F100C67F0C /* CGImage.swift */; };
		166A3F5F1D88FDAB00695661 /* CVarArg.swift in Sources */ = {isa = PBXBuildFile; fileRef = 166A3F5E1D88FDAB00695661 /* CVarArg.swift */; };
		168E57051D66DBEE00C07A06 /* UIAlertController.swift in Sources */ = {isa = PBXBuildFile; fileRef = 168E57041D66DBEE00C07A06 /* UIAlertController.swift */; };
		168E57071D66E4B900C07A06 /* Date.swift in Sources */ = {isa = PBXBuildFile; fileRef = 168E57061D66E4B900C07A06 /* Date.swift */; };
		168E57091D66F04500C07A06 /* LocalNotificationCenter.swift in Sources */ = {isa = PBXBuildFile; fileRef = 168E57081D66F04500C07A06 /* LocalNotificationCenter.swift */; };
		168E570B1D6702F000C07A06 /* UIApplication.swift in Sources */ = {isa = PBXBuildFile; fileRef = 168E570A1D6702F000C07A06 /* UIApplication.swift */; };
		168E571B1D6BEF9B00C07A06 /* Downloader.swift in Sources */ = {isa = PBXBuildFile; fileRef = 168E571A1D6BEF9B00C07A06 /* Downloader.swift */; };
		169C43E61D82A92B0006B2E2 /* Int.swift in Sources */ = {isa = PBXBuildFile; fileRef = 169C43E51D82A92B0006B2E2 /* Int.swift */; };
		169C43E81D82BFA30006B2E2 /* Collection.swift in Sources */ = {isa = PBXBuildFile; fileRef = 169C43E71D82BFA30006B2E2 /* Collection.swift */; };
		16A530F91D38EA6500041952 /* PropertyListConvertible.swift in Sources */ = {isa = PBXBuildFile; fileRef = 16A530F81D38EA6500041952 /* PropertyListConvertible.swift */; };
		16A530FB1D38F5CE00041952 /* Strideable.swift in Sources */ = {isa = PBXBuildFile; fileRef = 16A530FA1D38F5CE00041952 /* Strideable.swift */; };
		16AA60251DC87349001D6236 /* RotatableView.swift in Sources */ = {isa = PBXBuildFile; fileRef = 16AA60241DC87349001D6236 /* RotatableView.swift */; };
		16AA60271DC87432001D6236 /* UIRotationGestureRecognizer.swift in Sources */ = {isa = PBXBuildFile; fileRef = 16AA60261DC87432001D6236 /* UIRotationGestureRecognizer.swift */; };
		16AA60341DC8A870001D6236 /* CGContext.swift in Sources */ = {isa = PBXBuildFile; fileRef = 16AA60331DC8A870001D6236 /* CGContext.swift */; };
		16B5852B1D4A34C700A34DD0 /* UIPanGestureRecognizer.swift in Sources */ = {isa = PBXBuildFile; fileRef = 16B5852A1D4A34C700A34DD0 /* UIPanGestureRecognizer.swift */; };
		16B5852D1D4A350200A34DD0 /* UIPinchGestureRecognizer.swift in Sources */ = {isa = PBXBuildFile; fileRef = 16B5852C1D4A350200A34DD0 /* UIPinchGestureRecognizer.swift */; };
		16C02D271D3E07B900288942 /* GlobalFunctions.swift in Sources */ = {isa = PBXBuildFile; fileRef = 16C02D261D3E07B900288942 /* GlobalFunctions.swift */; };
		16C02D291D3E09EC00288942 /* Double.swift in Sources */ = {isa = PBXBuildFile; fileRef = 16C02D281D3E09EC00288942 /* Double.swift */; };
		16C02D2D1D3E0A7F00288942 /* TimeInterval.swift in Sources */ = {isa = PBXBuildFile; fileRef = 16C02D2C1D3E0A7F00288942 /* TimeInterval.swift */; };
		16C02D2F1D3E0AEC00288942 /* String.swift in Sources */ = {isa = PBXBuildFile; fileRef = 16C02D2E1D3E0AEC00288942 /* String.swift */; };
		16C02D311D3E0FE600288942 /* Dictionary.swift in Sources */ = {isa = PBXBuildFile; fileRef = 16C02D301D3E0FE600288942 /* Dictionary.swift */; };
		16C02D331D3E109400288942 /* Data.swift in Sources */ = {isa = PBXBuildFile; fileRef = 16C02D321D3E109400288942 /* Data.swift */; };
		16C02D371D3E114E00288942 /* CGSize.swift in Sources */ = {isa = PBXBuildFile; fileRef = 16C02D361D3E114E00288942 /* CGSize.swift */; };
		16C02D3F1D3E1E2600288942 /* IntervalSlider.swift in Sources */ = {isa = PBXBuildFile; fileRef = 16C02D3E1D3E1E2600288942 /* IntervalSlider.swift */; };
		16C02DBB1D3FA57300288942 /* Weak.swift in Sources */ = {isa = PBXBuildFile; fileRef = 16C02DBA1D3FA57300288942 /* Weak.swift */; };
		16C45F921DA3C62E00FDDB38 /* ArithmeticOperatable.swift in Sources */ = {isa = PBXBuildFile; fileRef = 16C45F911DA3C62E00FDDB38 /* ArithmeticOperatable.swift */; };
		16C45F941DA4AF0700FDDB38 /* CGPoint.swift in Sources */ = {isa = PBXBuildFile; fileRef = 16C45F931DA4AF0700FDDB38 /* CGPoint.swift */; };
		79092CE51D2C31AF00E07C8A /* CGRect.swift in Sources */ = {isa = PBXBuildFile; fileRef = 79092CE41D2C31AF00E07C8A /* CGRect.swift */; };
		79092CE91D2C32AA00E07C8A /* UIView.swift in Sources */ = {isa = PBXBuildFile; fileRef = 79092CE81D2C32AA00E07C8A /* UIView.swift */; };
		79092CEB1D2C32ED00E07C8A /* CustomOperators.swift in Sources */ = {isa = PBXBuildFile; fileRef = 79092CEA1D2C32ED00E07C8A /* CustomOperators.swift */; };
		79092CED1D2C333300E07C8A /* CallbackButton.swift in Sources */ = {isa = PBXBuildFile; fileRef = 79092CEC1D2C333300E07C8A /* CallbackButton.swift */; };
		79092CEF1D2C335B00E07C8A /* CallbackSwitch.swift in Sources */ = {isa = PBXBuildFile; fileRef = 79092CEE1D2C335B00E07C8A /* CallbackSwitch.swift */; };
		79092CF11D2C338F00E07C8A /* ElementExchangableView.swift in Sources */ = {isa = PBXBuildFile; fileRef = 79092CF01D2C338F00E07C8A /* ElementExchangableView.swift */; };
		79E14E861D2B90DA00AF6EE4 /* Eltaso.h in Headers */ = {isa = PBXBuildFile; fileRef = 79E14E851D2B90DA00AF6EE4 /* Eltaso.h */; settings = {ATTRIBUTES = (Public, ); }; };
		79E14E8D1D2B90DA00AF6EE4 /* Eltaso.framework in Frameworks */ = {isa = PBXBuildFile; fileRef = 79E14E821D2B90DA00AF6EE4 /* Eltaso.framework */; };
		79E14E921D2B90DA00AF6EE4 /* EltasoTests.swift in Sources */ = {isa = PBXBuildFile; fileRef = 79E14E911D2B90DA00AF6EE4 /* EltasoTests.swift */; };
		79E14E9D1D2B911A00AF6EE4 /* UIColor.swift in Sources */ = {isa = PBXBuildFile; fileRef = 79E14E9C1D2B911A00AF6EE4 /* UIColor.swift */; };
		79E14E9F1D2B918100AF6EE4 /* UIImage.swift in Sources */ = {isa = PBXBuildFile; fileRef = 79E14E9E1D2B918100AF6EE4 /* UIImage.swift */; };
		79E14EA11D2B93AB00AF6EE4 /* Bool.swift in Sources */ = {isa = PBXBuildFile; fileRef = 79E14EA01D2B93AB00AF6EE4 /* Bool.swift */; };
		79E14EA71D2B989A00AF6EE4 /* Array.swift in Sources */ = {isa = PBXBuildFile; fileRef = 79E14EA61D2B989A00AF6EE4 /* Array.swift */; };
		79E14EA91D2BA74F00AF6EE4 /* Console.swift in Sources */ = {isa = PBXBuildFile; fileRef = 79E14EA81D2BA74F00AF6EE4 /* Console.swift */; };
/* End PBXBuildFile section */

/* Begin PBXContainerItemProxy section */
		79E14E8E1D2B90DA00AF6EE4 /* PBXContainerItemProxy */ = {
			isa = PBXContainerItemProxy;
			containerPortal = 79E14E791D2B90DA00AF6EE4 /* Project object */;
			proxyType = 1;
			remoteGlobalIDString = 79E14E811D2B90DA00AF6EE4;
			remoteInfo = Eltaso;
		};
/* End PBXContainerItemProxy section */

/* Begin PBXFileReference section */
		160DAFAD1DA39FD100EC8770 /* Matrix.swift */ = {isa = PBXFileReference; fileEncoding = 4; lastKnownFileType = sourcecode.swift; path = Matrix.swift; sourceTree = "<group>"; };
		162414AF1D2CC3B900141C64 /* Dispatch.swift */ = {isa = PBXFileReference; fileEncoding = 4; lastKnownFileType = sourcecode.swift; path = Dispatch.swift; sourceTree = "<group>"; };
		162414D21D2F6CC700141C64 /* OptionalType.swift */ = {isa = PBXFileReference; fileEncoding = 4; lastKnownFileType = sourcecode.swift; path = OptionalType.swift; sourceTree = "<group>"; };
		162414D41D2F6D5600141C64 /* Sequence.swift */ = {isa = PBXFileReference; fileEncoding = 4; lastKnownFileType = sourcecode.swift; path = Sequence.swift; sourceTree = "<group>"; };
		16470A5F1DC362CB00EF0E77 /* CGFloat.swift */ = {isa = PBXFileReference; fileEncoding = 4; lastKnownFileType = sourcecode.swift; path = CGFloat.swift; sourceTree = "<group>"; };
		1655CD4C1DB0BB4E00C7203D /* TranslatableView.swift */ = {isa = PBXFileReference; fileEncoding = 4; lastKnownFileType = sourcecode.swift; path = TranslatableView.swift; sourceTree = "<group>"; };
		1655CD4E1DB0BC2300C7203D /* ScalableView.swift */ = {isa = PBXFileReference; fileEncoding = 4; lastKnownFileType = sourcecode.swift; path = ScalableView.swift; sourceTree = "<group>"; };
		1656B41A1DAE451900EBC1AE /* UIViewController.swift */ = {isa = PBXFileReference; fileEncoding = 4; lastKnownFileType = sourcecode.swift; path = UIViewController.swift; sourceTree = "<group>"; };
		166205851D6EB5D100438DAE /* Weekday.swift */ = {isa = PBXFileReference; fileEncoding = 4; lastKnownFileType = sourcecode.swift; path = Weekday.swift; sourceTree = "<group>"; };
		166882601DC350F100C67F0C /* CGImage.swift */ = {isa = PBXFileReference; fileEncoding = 4; lastKnownFileType = sourcecode.swift; path = CGImage.swift; sourceTree = "<group>"; };
		166A3F5E1D88FDAB00695661 /* CVarArg.swift */ = {isa = PBXFileReference; fileEncoding = 4; lastKnownFileType = sourcecode.swift; path = CVarArg.swift; sourceTree = "<group>"; };
		168E57041D66DBEE00C07A06 /* UIAlertController.swift */ = {isa = PBXFileReference; fileEncoding = 4; lastKnownFileType = sourcecode.swift; path = UIAlertController.swift; sourceTree = "<group>"; };
		168E57061D66E4B900C07A06 /* Date.swift */ = {isa = PBXFileReference; fileEncoding = 4; lastKnownFileType = sourcecode.swift; path = Date.swift; sourceTree = "<group>"; };
		168E57081D66F04500C07A06 /* LocalNotificationCenter.swift */ = {isa = PBXFileReference; fileEncoding = 4; lastKnownFileType = sourcecode.swift; path = LocalNotificationCenter.swift; sourceTree = "<group>"; };
		168E570A1D6702F000C07A06 /* UIApplication.swift */ = {isa = PBXFileReference; fileEncoding = 4; lastKnownFileType = sourcecode.swift; path = UIApplication.swift; sourceTree = "<group>"; };
		168E571A1D6BEF9B00C07A06 /* Downloader.swift */ = {isa = PBXFileReference; fileEncoding = 4; lastKnownFileType = sourcecode.swift; path = Downloader.swift; sourceTree = "<group>"; };
		169C43E51D82A92B0006B2E2 /* Int.swift */ = {isa = PBXFileReference; fileEncoding = 4; lastKnownFileType = sourcecode.swift; path = Int.swift; sourceTree = "<group>"; };
		169C43E71D82BFA30006B2E2 /* Collection.swift */ = {isa = PBXFileReference; fileEncoding = 4; lastKnownFileType = sourcecode.swift; path = Collection.swift; sourceTree = "<group>"; };
		16A530F81D38EA6500041952 /* PropertyListConvertible.swift */ = {isa = PBXFileReference; fileEncoding = 4; lastKnownFileType = sourcecode.swift; path = PropertyListConvertible.swift; sourceTree = "<group>"; };
		16A530FA1D38F5CE00041952 /* Strideable.swift */ = {isa = PBXFileReference; fileEncoding = 4; lastKnownFileType = sourcecode.swift; path = Strideable.swift; sourceTree = "<group>"; };
		16AA60241DC87349001D6236 /* RotatableView.swift */ = {isa = PBXFileReference; fileEncoding = 4; lastKnownFileType = sourcecode.swift; path = RotatableView.swift; sourceTree = "<group>"; };
		16AA60261DC87432001D6236 /* UIRotationGestureRecognizer.swift */ = {isa = PBXFileReference; fileEncoding = 4; lastKnownFileType = sourcecode.swift; path = UIRotationGestureRecognizer.swift; sourceTree = "<group>"; };
		16AA60331DC8A870001D6236 /* CGContext.swift */ = {isa = PBXFileReference; fileEncoding = 4; lastKnownFileType = sourcecode.swift; path = CGContext.swift; sourceTree = "<group>"; };
		16B5852A1D4A34C700A34DD0 /* UIPanGestureRecognizer.swift */ = {isa = PBXFileReference; fileEncoding = 4; lastKnownFileType = sourcecode.swift; path = UIPanGestureRecognizer.swift; sourceTree = "<group>"; };
		16B5852C1D4A350200A34DD0 /* UIPinchGestureRecognizer.swift */ = {isa = PBXFileReference; fileEncoding = 4; lastKnownFileType = sourcecode.swift; path = UIPinchGestureRecognizer.swift; sourceTree = "<group>"; };
		16C02D261D3E07B900288942 /* GlobalFunctions.swift */ = {isa = PBXFileReference; fileEncoding = 4; lastKnownFileType = sourcecode.swift; path = GlobalFunctions.swift; sourceTree = "<group>"; };
		16C02D281D3E09EC00288942 /* Double.swift */ = {isa = PBXFileReference; fileEncoding = 4; lastKnownFileType = sourcecode.swift; path = Double.swift; sourceTree = "<group>"; };
		16C02D2C1D3E0A7F00288942 /* TimeInterval.swift */ = {isa = PBXFileReference; fileEncoding = 4; lastKnownFileType = sourcecode.swift; path = TimeInterval.swift; sourceTree = "<group>"; };
		16C02D2E1D3E0AEC00288942 /* String.swift */ = {isa = PBXFileReference; fileEncoding = 4; lastKnownFileType = sourcecode.swift; path = String.swift; sourceTree = "<group>"; };
		16C02D301D3E0FE600288942 /* Dictionary.swift */ = {isa = PBXFileReference; fileEncoding = 4; lastKnownFileType = sourcecode.swift; path = Dictionary.swift; sourceTree = "<group>"; };
		16C02D321D3E109400288942 /* Data.swift */ = {isa = PBXFileReference; fileEncoding = 4; lastKnownFileType = sourcecode.swift; path = Data.swift; sourceTree = "<group>"; };
		16C02D361D3E114E00288942 /* CGSize.swift */ = {isa = PBXFileReference; fileEncoding = 4; lastKnownFileType = sourcecode.swift; path = CGSize.swift; sourceTree = "<group>"; };
		16C02D3E1D3E1E2600288942 /* IntervalSlider.swift */ = {isa = PBXFileReference; fileEncoding = 4; lastKnownFileType = sourcecode.swift; path = IntervalSlider.swift; sourceTree = "<group>"; };
		16C02DBA1D3FA57300288942 /* Weak.swift */ = {isa = PBXFileReference; fileEncoding = 4; lastKnownFileType = sourcecode.swift; path = Weak.swift; sourceTree = "<group>"; };
		16C45F911DA3C62E00FDDB38 /* ArithmeticOperatable.swift */ = {isa = PBXFileReference; fileEncoding = 4; lastKnownFileType = sourcecode.swift; path = ArithmeticOperatable.swift; sourceTree = "<group>"; };
		16C45F931DA4AF0700FDDB38 /* CGPoint.swift */ = {isa = PBXFileReference; fileEncoding = 4; lastKnownFileType = sourcecode.swift; path = CGPoint.swift; sourceTree = "<group>"; };
		79092CE41D2C31AF00E07C8A /* CGRect.swift */ = {isa = PBXFileReference; fileEncoding = 4; lastKnownFileType = sourcecode.swift; path = CGRect.swift; sourceTree = "<group>"; };
		79092CE81D2C32AA00E07C8A /* UIView.swift */ = {isa = PBXFileReference; fileEncoding = 4; lastKnownFileType = sourcecode.swift; path = UIView.swift; sourceTree = "<group>"; };
		79092CEA1D2C32ED00E07C8A /* CustomOperators.swift */ = {isa = PBXFileReference; fileEncoding = 4; lastKnownFileType = sourcecode.swift; path = CustomOperators.swift; sourceTree = "<group>"; };
		79092CEC1D2C333300E07C8A /* CallbackButton.swift */ = {isa = PBXFileReference; fileEncoding = 4; lastKnownFileType = sourcecode.swift; path = CallbackButton.swift; sourceTree = "<group>"; };
		79092CEE1D2C335B00E07C8A /* CallbackSwitch.swift */ = {isa = PBXFileReference; fileEncoding = 4; lastKnownFileType = sourcecode.swift; path = CallbackSwitch.swift; sourceTree = "<group>"; };
		79092CF01D2C338F00E07C8A /* ElementExchangableView.swift */ = {isa = PBXFileReference; fileEncoding = 4; lastKnownFileType = sourcecode.swift; path = ElementExchangableView.swift; sourceTree = "<group>"; };
		79E14E821D2B90DA00AF6EE4 /* Eltaso.framework */ = {isa = PBXFileReference; explicitFileType = wrapper.framework; includeInIndex = 0; path = Eltaso.framework; sourceTree = BUILT_PRODUCTS_DIR; };
		79E14E851D2B90DA00AF6EE4 /* Eltaso.h */ = {isa = PBXFileReference; lastKnownFileType = sourcecode.c.h; path = Eltaso.h; sourceTree = "<group>"; };
		79E14E871D2B90DA00AF6EE4 /* Info.plist */ = {isa = PBXFileReference; lastKnownFileType = text.plist.xml; path = Info.plist; sourceTree = "<group>"; };
		79E14E8C1D2B90DA00AF6EE4 /* EltasoTests.xctest */ = {isa = PBXFileReference; explicitFileType = wrapper.cfbundle; includeInIndex = 0; path = EltasoTests.xctest; sourceTree = BUILT_PRODUCTS_DIR; };
		79E14E911D2B90DA00AF6EE4 /* EltasoTests.swift */ = {isa = PBXFileReference; lastKnownFileType = sourcecode.swift; path = EltasoTests.swift; sourceTree = "<group>"; };
		79E14E931D2B90DA00AF6EE4 /* Info.plist */ = {isa = PBXFileReference; lastKnownFileType = text.plist.xml; path = Info.plist; sourceTree = "<group>"; };
		79E14E9C1D2B911A00AF6EE4 /* UIColor.swift */ = {isa = PBXFileReference; fileEncoding = 4; lastKnownFileType = sourcecode.swift; path = UIColor.swift; sourceTree = "<group>"; };
		79E14E9E1D2B918100AF6EE4 /* UIImage.swift */ = {isa = PBXFileReference; fileEncoding = 4; lastKnownFileType = sourcecode.swift; path = UIImage.swift; sourceTree = "<group>"; };
		79E14EA01D2B93AB00AF6EE4 /* Bool.swift */ = {isa = PBXFileReference; fileEncoding = 4; lastKnownFileType = sourcecode.swift; path = Bool.swift; sourceTree = "<group>"; };
		79E14EA61D2B989A00AF6EE4 /* Array.swift */ = {isa = PBXFileReference; fileEncoding = 4; lastKnownFileType = sourcecode.swift; path = Array.swift; sourceTree = "<group>"; };
		79E14EA81D2BA74F00AF6EE4 /* Console.swift */ = {isa = PBXFileReference; fileEncoding = 4; lastKnownFileType = sourcecode.swift; path = Console.swift; sourceTree = "<group>"; };
/* End PBXFileReference section */

/* Begin PBXFrameworksBuildPhase section */
		79E14E7E1D2B90DA00AF6EE4 /* Frameworks */ = {
			isa = PBXFrameworksBuildPhase;
			buildActionMask = 2147483647;
			files = (
			);
			runOnlyForDeploymentPostprocessing = 0;
		};
		79E14E891D2B90DA00AF6EE4 /* Frameworks */ = {
			isa = PBXFrameworksBuildPhase;
			buildActionMask = 2147483647;
			files = (
				79E14E8D1D2B90DA00AF6EE4 /* Eltaso.framework in Frameworks */,
			);
			runOnlyForDeploymentPostprocessing = 0;
		};
/* End PBXFrameworksBuildPhase section */

/* Begin PBXGroup section */
		79E14E781D2B90DA00AF6EE4 = {
			isa = PBXGroup;
			children = (
				79E14E841D2B90DA00AF6EE4 /* Eltaso */,
				79E14E901D2B90DA00AF6EE4 /* EltasoTests */,
				79E14E831D2B90DA00AF6EE4 /* Products */,
			);
			sourceTree = "<group>";
		};
		79E14E831D2B90DA00AF6EE4 /* Products */ = {
			isa = PBXGroup;
			children = (
				79E14E821D2B90DA00AF6EE4 /* Eltaso.framework */,
				79E14E8C1D2B90DA00AF6EE4 /* EltasoTests.xctest */,
			);
			name = Products;
			sourceTree = "<group>";
		};
		79E14E841D2B90DA00AF6EE4 /* Eltaso */ = {
			isa = PBXGroup;
			children = (
				79E14E851D2B90DA00AF6EE4 /* Eltaso.h */,
				79E14E871D2B90DA00AF6EE4 /* Info.plist */,
				79092CEA1D2C32ED00E07C8A /* CustomOperators.swift */,
				16C02D261D3E07B900288942 /* GlobalFunctions.swift */,
				166A3F5E1D88FDAB00695661 /* CVarArg.swift */,
				162414D21D2F6CC700141C64 /* OptionalType.swift */,
				16A530F81D38EA6500041952 /* PropertyListConvertible.swift */,
				16C45F911DA3C62E00FDDB38 /* ArithmeticOperatable.swift */,
				79092CF01D2C338F00E07C8A /* ElementExchangableView.swift */,
				1655CD4C1DB0BB4E00C7203D /* TranslatableView.swift */,
				1655CD4E1DB0BC2300C7203D /* ScalableView.swift */,
				16AA60241DC87349001D6236 /* RotatableView.swift */,
				162414D41D2F6D5600141C64 /* Sequence.swift */,
				169C43E71D82BFA30006B2E2 /* Collection.swift */,
				16A530FA1D38F5CE00041952 /* Strideable.swift */,
				169C43E51D82A92B0006B2E2 /* Int.swift */,
				16C02D281D3E09EC00288942 /* Double.swift */,
				79E14EA01D2B93AB00AF6EE4 /* Bool.swift */,
				16C02D2C1D3E0A7F00288942 /* TimeInterval.swift */,
				16C02D2E1D3E0AEC00288942 /* String.swift */,
				79E14EA61D2B989A00AF6EE4 /* Array.swift */,
				16C02D301D3E0FE600288942 /* Dictionary.swift */,
				16470A5F1DC362CB00EF0E77 /* CGFloat.swift */,
				16C45F931DA4AF0700FDDB38 /* CGPoint.swift */,
				16C02D361D3E114E00288942 /* CGSize.swift */,
				79092CE41D2C31AF00E07C8A /* CGRect.swift */,
				166882601DC350F100C67F0C /* CGImage.swift */,
				16AA60331DC8A870001D6236 /* CGContext.swift */,
				16C02D321D3E109400288942 /* Data.swift */,
				168E57061D66E4B900C07A06 /* Date.swift */,
				79E14E9C1D2B911A00AF6EE4 /* UIColor.swift */,
				79E14E9E1D2B918100AF6EE4 /* UIImage.swift */,
				79092CE81D2C32AA00E07C8A /* UIView.swift */,
				1656B41A1DAE451900EBC1AE /* UIViewController.swift */,
				168E57041D66DBEE00C07A06 /* UIAlertController.swift */,
				16B5852A1D4A34C700A34DD0 /* UIPanGestureRecognizer.swift */,
				16B5852C1D4A350200A34DD0 /* UIPinchGestureRecognizer.swift */,
				16AA60261DC87432001D6236 /* UIRotationGestureRecognizer.swift */,
				168E570A1D6702F000C07A06 /* UIApplication.swift */,
				162414AF1D2CC3B900141C64 /* Dispatch.swift */,
				160DAFAD1DA39FD100EC8770 /* Matrix.swift */,
				166205851D6EB5D100438DAE /* Weekday.swift */,
				16C02DBA1D3FA57300288942 /* Weak.swift */,
				79E14EA81D2BA74F00AF6EE4 /* Console.swift */,
				168E571A1D6BEF9B00C07A06 /* Downloader.swift */,
				168E57081D66F04500C07A06 /* LocalNotificationCenter.swift */,
				79092CEC1D2C333300E07C8A /* CallbackButton.swift */,
				79092CEE1D2C335B00E07C8A /* CallbackSwitch.swift */,
				16C02D3E1D3E1E2600288942 /* IntervalSlider.swift */,
			);
			path = Eltaso;
			sourceTree = "<group>";
		};
		79E14E901D2B90DA00AF6EE4 /* EltasoTests */ = {
			isa = PBXGroup;
			children = (
				79E14E911D2B90DA00AF6EE4 /* EltasoTests.swift */,
				79E14E931D2B90DA00AF6EE4 /* Info.plist */,
			);
			path = EltasoTests;
			sourceTree = "<group>";
		};
/* End PBXGroup section */

/* Begin PBXHeadersBuildPhase section */
		79E14E7F1D2B90DA00AF6EE4 /* Headers */ = {
			isa = PBXHeadersBuildPhase;
			buildActionMask = 2147483647;
			files = (
				79E14E861D2B90DA00AF6EE4 /* Eltaso.h in Headers */,
			);
			runOnlyForDeploymentPostprocessing = 0;
		};
/* End PBXHeadersBuildPhase section */

/* Begin PBXNativeTarget section */
		79E14E811D2B90DA00AF6EE4 /* Eltaso */ = {
			isa = PBXNativeTarget;
			buildConfigurationList = 79E14E961D2B90DA00AF6EE4 /* Build configuration list for PBXNativeTarget "Eltaso" */;
			buildPhases = (
				79E14E7D1D2B90DA00AF6EE4 /* Sources */,
				79E14E7E1D2B90DA00AF6EE4 /* Frameworks */,
				79E14E7F1D2B90DA00AF6EE4 /* Headers */,
				79E14E801D2B90DA00AF6EE4 /* Resources */,
			);
			buildRules = (
			);
			dependencies = (
			);
			name = Eltaso;
			productName = Eltaso;
			productReference = 79E14E821D2B90DA00AF6EE4 /* Eltaso.framework */;
			productType = "com.apple.product-type.framework";
		};
		79E14E8B1D2B90DA00AF6EE4 /* EltasoTests */ = {
			isa = PBXNativeTarget;
			buildConfigurationList = 79E14E991D2B90DA00AF6EE4 /* Build configuration list for PBXNativeTarget "EltasoTests" */;
			buildPhases = (
				79E14E881D2B90DA00AF6EE4 /* Sources */,
				79E14E891D2B90DA00AF6EE4 /* Frameworks */,
				79E14E8A1D2B90DA00AF6EE4 /* Resources */,
			);
			buildRules = (
			);
			dependencies = (
				79E14E8F1D2B90DA00AF6EE4 /* PBXTargetDependency */,
			);
			name = EltasoTests;
			productName = EltasoTests;
			productReference = 79E14E8C1D2B90DA00AF6EE4 /* EltasoTests.xctest */;
			productType = "com.apple.product-type.bundle.unit-test";
		};
/* End PBXNativeTarget section */

/* Begin PBXProject section */
		79E14E791D2B90DA00AF6EE4 /* Project object */ = {
			isa = PBXProject;
			attributes = {
				LastSwiftUpdateCheck = 0730;
				LastUpgradeCheck = 0800;
				ORGANIZATIONNAME = Crazism;
				TargetAttributes = {
					79E14E811D2B90DA00AF6EE4 = {
						CreatedOnToolsVersion = 7.3;
						DevelopmentTeam = KC8N9BMQJY;
						DevelopmentTeamName = "XIANGXIN SHI";
						LastSwiftMigration = 0800;
						ProvisioningStyle = Automatic;
					};
					79E14E8B1D2B90DA00AF6EE4 = {
						CreatedOnToolsVersion = 7.3;
					};
				};
			};
			buildConfigurationList = 79E14E7C1D2B90DA00AF6EE4 /* Build configuration list for PBXProject "Eltaso" */;
			compatibilityVersion = "Xcode 3.2";
			developmentRegion = English;
			hasScannedForEncodings = 0;
			knownRegions = (
				en,
			);
			mainGroup = 79E14E781D2B90DA00AF6EE4;
			productRefGroup = 79E14E831D2B90DA00AF6EE4 /* Products */;
			projectDirPath = "";
			projectRoot = "";
			targets = (
				79E14E811D2B90DA00AF6EE4 /* Eltaso */,
				79E14E8B1D2B90DA00AF6EE4 /* EltasoTests */,
			);
		};
/* End PBXProject section */

/* Begin PBXResourcesBuildPhase section */
		79E14E801D2B90DA00AF6EE4 /* Resources */ = {
			isa = PBXResourcesBuildPhase;
			buildActionMask = 2147483647;
			files = (
			);
			runOnlyForDeploymentPostprocessing = 0;
		};
		79E14E8A1D2B90DA00AF6EE4 /* Resources */ = {
			isa = PBXResourcesBuildPhase;
			buildActionMask = 2147483647;
			files = (
			);
			runOnlyForDeploymentPostprocessing = 0;
		};
/* End PBXResourcesBuildPhase section */

/* Begin PBXSourcesBuildPhase section */
		79E14E7D1D2B90DA00AF6EE4 /* Sources */ = {
			isa = PBXSourcesBuildPhase;
			buildActionMask = 2147483647;
			files = (
				79092CEF1D2C335B00E07C8A /* CallbackSwitch.swift in Sources */,
				166205861D6EB5D100438DAE /* Weekday.swift in Sources */,
				162414B01D2CC3B900141C64 /* Dispatch.swift in Sources */,
				166882611DC350F100C67F0C /* CGImage.swift in Sources */,
				16B5852D1D4A350200A34DD0 /* UIPinchGestureRecognizer.swift in Sources */,
				168E570B1D6702F000C07A06 /* UIApplication.swift in Sources */,
				16C02D371D3E114E00288942 /* CGSize.swift in Sources */,
				166A3F5F1D88FDAB00695661 /* CVarArg.swift in Sources */,
				16C45F941DA4AF0700FDDB38 /* CGPoint.swift in Sources */,
				16B5852B1D4A34C700A34DD0 /* UIPanGestureRecognizer.swift in Sources */,
				79092CE91D2C32AA00E07C8A /* UIView.swift in Sources */,
				79092CF11D2C338F00E07C8A /* ElementExchangableView.swift in Sources */,
				1655CD4F1DB0BC2300C7203D /* ScalableView.swift in Sources */,
				16C02DBB1D3FA57300288942 /* Weak.swift in Sources */,
				16AA60341DC8A870001D6236 /* CGContext.swift in Sources */,
				79E14E9D1D2B911A00AF6EE4 /* UIColor.swift in Sources */,
				16C45F921DA3C62E00FDDB38 /* ArithmeticOperatable.swift in Sources */,
				16AA60251DC87349001D6236 /* RotatableView.swift in Sources */,
				1656B41B1DAE451900EBC1AE /* UIViewController.swift in Sources */,
				168E571B1D6BEF9B00C07A06 /* Downloader.swift in Sources */,
				16AA60271DC87432001D6236 /* UIRotationGestureRecognizer.swift in Sources */,
				162414D51D2F6D5600141C64 /* Sequence.swift in Sources */,
				16A530FB1D38F5CE00041952 /* Strideable.swift in Sources */,
				168E57091D66F04500C07A06 /* LocalNotificationCenter.swift in Sources */,
				16A530F91D38EA6500041952 /* PropertyListConvertible.swift in Sources */,
				16C02D2D1D3E0A7F00288942 /* TimeInterval.swift in Sources */,
				169C43E61D82A92B0006B2E2 /* Int.swift in Sources */,
				16470A601DC362CB00EF0E77 /* CGFloat.swift in Sources */,
				16C02D271D3E07B900288942 /* GlobalFunctions.swift in Sources */,
				16C02D3F1D3E1E2600288942 /* IntervalSlider.swift in Sources */,
				16C02D291D3E09EC00288942 /* Double.swift in Sources */,
				162414D31D2F6CC800141C64 /* OptionalType.swift in Sources */,
				79092CEB1D2C32ED00E07C8A /* CustomOperators.swift in Sources */,
				1655CD4D1DB0BB4E00C7203D /* TranslatableView.swift in Sources */,
				79E14EA91D2BA74F00AF6EE4 /* Console.swift in Sources */,
				16C02D331D3E109400288942 /* Data.swift in Sources */,
				79E14EA71D2B989A00AF6EE4 /* Array.swift in Sources */,
				168E57071D66E4B900C07A06 /* Date.swift in Sources */,
				169C43E81D82BFA30006B2E2 /* Collection.swift in Sources */,
				16C02D311D3E0FE600288942 /* Dictionary.swift in Sources */,
				168E57051D66DBEE00C07A06 /* UIAlertController.swift in Sources */,
				79E14E9F1D2B918100AF6EE4 /* UIImage.swift in Sources */,
				160DAFAE1DA39FD100EC8770 /* Matrix.swift in Sources */,
				79E14EA11D2B93AB00AF6EE4 /* Bool.swift in Sources */,
				16C02D2F1D3E0AEC00288942 /* String.swift in Sources */,
				79092CED1D2C333300E07C8A /* CallbackButton.swift in Sources */,
				79092CE51D2C31AF00E07C8A /* CGRect.swift in Sources */,
			);
			runOnlyForDeploymentPostprocessing = 0;
		};
		79E14E881D2B90DA00AF6EE4 /* Sources */ = {
			isa = PBXSourcesBuildPhase;
			buildActionMask = 2147483647;
			files = (
				79E14E921D2B90DA00AF6EE4 /* EltasoTests.swift in Sources */,
			);
			runOnlyForDeploymentPostprocessing = 0;
		};
/* End PBXSourcesBuildPhase section */

/* Begin PBXTargetDependency section */
		79E14E8F1D2B90DA00AF6EE4 /* PBXTargetDependency */ = {
			isa = PBXTargetDependency;
			target = 79E14E811D2B90DA00AF6EE4 /* Eltaso */;
			targetProxy = 79E14E8E1D2B90DA00AF6EE4 /* PBXContainerItemProxy */;
		};
/* End PBXTargetDependency section */

/* Begin XCBuildConfiguration section */
		79E14E941D2B90DA00AF6EE4 /* Debug */ = {
			isa = XCBuildConfiguration;
			buildSettings = {
				ALWAYS_SEARCH_USER_PATHS = NO;
				CLANG_ANALYZER_NONNULL = YES;
				CLANG_CXX_LANGUAGE_STANDARD = "gnu++0x";
				CLANG_CXX_LIBRARY = "libc++";
				CLANG_ENABLE_MODULES = YES;
				CLANG_ENABLE_OBJC_ARC = YES;
				CLANG_WARN_BOOL_CONVERSION = YES;
				CLANG_WARN_CONSTANT_CONVERSION = YES;
				CLANG_WARN_DIRECT_OBJC_ISA_USAGE = YES_ERROR;
				CLANG_WARN_EMPTY_BODY = YES;
				CLANG_WARN_ENUM_CONVERSION = YES;
				CLANG_WARN_INFINITE_RECURSION = YES;
				CLANG_WARN_INT_CONVERSION = YES;
				CLANG_WARN_OBJC_ROOT_CLASS = YES_ERROR;
				CLANG_WARN_SUSPICIOUS_MOVE = YES;
				CLANG_WARN_UNREACHABLE_CODE = YES;
				CLANG_WARN__DUPLICATE_METHOD_MATCH = YES;
				"CODE_SIGN_IDENTITY[sdk=iphoneos*]" = "iPhone Developer";
				COPY_PHASE_STRIP = NO;
				CURRENT_PROJECT_VERSION = 1;
				DEBUG_INFORMATION_FORMAT = dwarf;
				ENABLE_STRICT_OBJC_MSGSEND = YES;
				ENABLE_TESTABILITY = YES;
				GCC_C_LANGUAGE_STANDARD = gnu99;
				GCC_DYNAMIC_NO_PIC = NO;
				GCC_NO_COMMON_BLOCKS = YES;
				GCC_OPTIMIZATION_LEVEL = 0;
				GCC_PREPROCESSOR_DEFINITIONS = (
					"DEBUG=1",
					"$(inherited)",
				);
				GCC_WARN_64_TO_32_BIT_CONVERSION = YES;
				GCC_WARN_ABOUT_RETURN_TYPE = YES_ERROR;
				GCC_WARN_UNDECLARED_SELECTOR = YES;
				GCC_WARN_UNINITIALIZED_AUTOS = YES_AGGRESSIVE;
				GCC_WARN_UNUSED_FUNCTION = YES;
				GCC_WARN_UNUSED_VARIABLE = YES;
				IPHONEOS_DEPLOYMENT_TARGET = 8.0;
				MTL_ENABLE_DEBUG_INFO = YES;
				ONLY_ACTIVE_ARCH = YES;
				OTHER_SWIFT_FLAGS = "-D DEBUG";
				SDKROOT = iphoneos;
				SWIFT_OPTIMIZATION_LEVEL = "-Onone";
				TARGETED_DEVICE_FAMILY = "1,2";
				VERSIONING_SYSTEM = "apple-generic";
				VERSION_INFO_PREFIX = "";
			};
			name = Debug;
		};
		79E14E951D2B90DA00AF6EE4 /* Release */ = {
			isa = XCBuildConfiguration;
			buildSettings = {
				ALWAYS_SEARCH_USER_PATHS = NO;
				CLANG_ANALYZER_NONNULL = YES;
				CLANG_CXX_LANGUAGE_STANDARD = "gnu++0x";
				CLANG_CXX_LIBRARY = "libc++";
				CLANG_ENABLE_MODULES = YES;
				CLANG_ENABLE_OBJC_ARC = YES;
				CLANG_WARN_BOOL_CONVERSION = YES;
				CLANG_WARN_CONSTANT_CONVERSION = YES;
				CLANG_WARN_DIRECT_OBJC_ISA_USAGE = YES_ERROR;
				CLANG_WARN_EMPTY_BODY = YES;
				CLANG_WARN_ENUM_CONVERSION = YES;
				CLANG_WARN_INFINITE_RECURSION = YES;
				CLANG_WARN_INT_CONVERSION = YES;
				CLANG_WARN_OBJC_ROOT_CLASS = YES_ERROR;
				CLANG_WARN_SUSPICIOUS_MOVE = YES;
				CLANG_WARN_UNREACHABLE_CODE = YES;
				CLANG_WARN__DUPLICATE_METHOD_MATCH = YES;
				"CODE_SIGN_IDENTITY[sdk=iphoneos*]" = "iPhone Developer";
				COPY_PHASE_STRIP = NO;
				CURRENT_PROJECT_VERSION = 1;
				DEBUG_INFORMATION_FORMAT = "dwarf-with-dsym";
				ENABLE_NS_ASSERTIONS = NO;
				ENABLE_STRICT_OBJC_MSGSEND = YES;
				GCC_C_LANGUAGE_STANDARD = gnu99;
				GCC_NO_COMMON_BLOCKS = YES;
				GCC_WARN_64_TO_32_BIT_CONVERSION = YES;
				GCC_WARN_ABOUT_RETURN_TYPE = YES_ERROR;
				GCC_WARN_UNDECLARED_SELECTOR = YES;
				GCC_WARN_UNINITIALIZED_AUTOS = YES_AGGRESSIVE;
				GCC_WARN_UNUSED_FUNCTION = YES;
				GCC_WARN_UNUSED_VARIABLE = YES;
				IPHONEOS_DEPLOYMENT_TARGET = 8.0;
				MTL_ENABLE_DEBUG_INFO = NO;
				SDKROOT = iphoneos;
				SWIFT_OPTIMIZATION_LEVEL = "-Owholemodule";
				TARGETED_DEVICE_FAMILY = "1,2";
				VALIDATE_PRODUCT = YES;
				VERSIONING_SYSTEM = "apple-generic";
				VERSION_INFO_PREFIX = "";
			};
			name = Release;
		};
		79E14E971D2B90DA00AF6EE4 /* Debug */ = {
			isa = XCBuildConfiguration;
			buildSettings = {
				CLANG_ENABLE_MODULES = YES;
				"CODE_SIGN_IDENTITY[sdk=iphoneos*]" = "iPhone Developer";
				DEFINES_MODULE = YES;
				DYLIB_COMPATIBILITY_VERSION = 1;
				DYLIB_CURRENT_VERSION = 1;
				DYLIB_INSTALL_NAME_BASE = "@rpath";
				INFOPLIST_FILE = Eltaso/Info.plist;
				INSTALL_PATH = "$(LOCAL_LIBRARY_DIR)/Frameworks";
				IPHONEOS_DEPLOYMENT_TARGET = 8.0;
				LD_RUNPATH_SEARCH_PATHS = "$(inherited) @executable_path/Frameworks @loader_path/Frameworks";
				PRODUCT_BUNDLE_IDENTIFIER = net.crazism.Eltaso;
				PRODUCT_NAME = "$(TARGET_NAME)";
				SKIP_INSTALL = YES;
				SWIFT_OPTIMIZATION_LEVEL = "-Onone";
				SWIFT_VERSION = 3.0;
			};
			name = Debug;
		};
		79E14E981D2B90DA00AF6EE4 /* Release */ = {
			isa = XCBuildConfiguration;
			buildSettings = {
				CLANG_ENABLE_MODULES = YES;
				"CODE_SIGN_IDENTITY[sdk=iphoneos*]" = "iPhone Developer";
				DEFINES_MODULE = YES;
				DYLIB_COMPATIBILITY_VERSION = 1;
				DYLIB_CURRENT_VERSION = 1;
				DYLIB_INSTALL_NAME_BASE = "@rpath";
				INFOPLIST_FILE = Eltaso/Info.plist;
				INSTALL_PATH = "$(LOCAL_LIBRARY_DIR)/Frameworks";
				IPHONEOS_DEPLOYMENT_TARGET = 8.0;
				LD_RUNPATH_SEARCH_PATHS = "$(inherited) @executable_path/Frameworks @loader_path/Frameworks";
				PRODUCT_BUNDLE_IDENTIFIER = net.crazism.Eltaso;
				PRODUCT_NAME = "$(TARGET_NAME)";
				SKIP_INSTALL = YES;
				SWIFT_VERSION = 3.0;
			};
			name = Release;
		};
		79E14E9A1D2B90DA00AF6EE4 /* Debug */ = {
			isa = XCBuildConfiguration;
			buildSettings = {
				INFOPLIST_FILE = EltasoTests/Info.plist;
				LD_RUNPATH_SEARCH_PATHS = "$(inherited) @executable_path/Frameworks @loader_path/Frameworks";
				PRODUCT_BUNDLE_IDENTIFIER = net.crazism.EltasoTests;
				PRODUCT_NAME = "$(TARGET_NAME)";
			};
			name = Debug;
		};
		79E14E9B1D2B90DA00AF6EE4 /* Release */ = {
			isa = XCBuildConfiguration;
			buildSettings = {
				INFOPLIST_FILE = EltasoTests/Info.plist;
				LD_RUNPATH_SEARCH_PATHS = "$(inherited) @executable_path/Frameworks @loader_path/Frameworks";
				PRODUCT_BUNDLE_IDENTIFIER = net.crazism.EltasoTests;
				PRODUCT_NAME = "$(TARGET_NAME)";
			};
			name = Release;
		};
/* End XCBuildConfiguration section */

/* Begin XCConfigurationList section */
		79E14E7C1D2B90DA00AF6EE4 /* Build configuration list for PBXProject "Eltaso" */ = {
			isa = XCConfigurationList;
			buildConfigurations = (
				79E14E941D2B90DA00AF6EE4 /* Debug */,
				79E14E951D2B90DA00AF6EE4 /* Release */,
			);
			defaultConfigurationIsVisible = 0;
			defaultConfigurationName = Release;
		};
		79E14E961D2B90DA00AF6EE4 /* Build configuration list for PBXNativeTarget "Eltaso" */ = {
			isa = XCConfigurationList;
			buildConfigurations = (
				79E14E971D2B90DA00AF6EE4 /* Debug */,
				79E14E981D2B90DA00AF6EE4 /* Release */,
			);
			defaultConfigurationIsVisible = 0;
			defaultConfigurationName = Release;
		};
		79E14E991D2B90DA00AF6EE4 /* Build configuration list for PBXNativeTarget "EltasoTests" */ = {
			isa = XCConfigurationList;
			buildConfigurations = (
				79E14E9A1D2B90DA00AF6EE4 /* Debug */,
				79E14E9B1D2B90DA00AF6EE4 /* Release */,
			);
			defaultConfigurationIsVisible = 0;
			defaultConfigurationName = Release;
		};
/* End XCConfigurationList section */
	};
	rootObject = 79E14E791D2B90DA00AF6EE4 /* Project object */;
}
